
Microsoft Visual Studio Solution File, Format Version 12.00
# Visual Studio 15
VisualStudioVersion = 15.0.28307.329
MinimumVisualStudioVersion = 10.0.40219.1
Project("{FAE04EC0-301F-11D3-BF4B-00C04F79EFBC}") = "OtraCosaStudio", "OtraCosaStudio\OtraCosaStudio.csproj", "{AF17DA39-A69F-4DFB-BD41-E547A533080F}"
EndProject
Project("{FAE04EC0-301F-11D3-BF4B-00C04F79EFBC}") = "OtraCosaStudio.Infrastructure", "OtraCosaStudio.Infrastructure\OtraCosaStudio.Infrastructure.csproj", "{F73F0AAB-C283-472A-A792-DD85E849019A}"
EndProject
Project("{FAE04EC0-301F-11D3-BF4B-00C04F79EFBC}") = "OtraCosaStudio.Model", "OtraCosaStudio.Model\OtraCosaStudio.Model.csproj", "{43FFB0D8-CAC8-4842-8664-5CE5103C32CF}"
EndProject
Project("{FAE04EC0-301F-11D3-BF4B-00C04F79EFBC}") = "OtraCosaStudio.Services", "OtraCosaStudio.Services\OtraCosaStudio.Services.csproj", "{44E1129C-1BC3-476A-BA81-145D2574D974}"
EndProject
Project("{FAE04EC0-301F-11D3-BF4B-00C04F79EFBC}") = "OtraCosaStudio.Util", "OtraCosaStudio.Util\OtraCosaStudio.Util.csproj", "{6D30C187-4740-4CE8-8D75-09212264FDAE}"
EndProject
Global
	GlobalSection(SolutionConfigurationPlatforms) = preSolution
		Debug|Any CPU = Debug|Any CPU
		Release|Any CPU = Release|Any CPU
	EndGlobalSection
	GlobalSection(ProjectConfigurationPlatforms) = postSolution
		{AF17DA39-A69F-4DFB-BD41-E547A533080F}.Debug|Any CPU.ActiveCfg = Debug|Any CPU
		{AF17DA39-A69F-4DFB-BD41-E547A533080F}.Debug|Any CPU.Build.0 = Debug|Any CPU
		{AF17DA39-A69F-4DFB-BD41-E547A533080F}.Release|Any CPU.ActiveCfg = Release|Any CPU
		{AF17DA39-A69F-4DFB-BD41-E547A533080F}.Release|Any CPU.Build.0 = Release|Any CPU
		{F73F0AAB-C283-472A-A792-DD85E849019A}.Debug|Any CPU.ActiveCfg = Debug|Any CPU
		{F73F0AAB-C283-472A-A792-DD85E849019A}.Debug|Any CPU.Build.0 = Debug|Any CPU
		{F73F0AAB-C283-472A-A792-DD85E849019A}.Release|Any CPU.ActiveCfg = Release|Any CPU
		{F73F0AAB-C283-472A-A792-DD85E849019A}.Release|Any CPU.Build.0 = Release|Any CPU
		{43FFB0D8-CAC8-4842-8664-5CE5103C32CF}.Debug|Any CPU.ActiveCfg = Debug|Any CPU
		{43FFB0D8-CAC8-4842-8664-5CE5103C32CF}.Debug|Any CPU.Build.0 = Debug|Any CPU
		{43FFB0D8-CAC8-4842-8664-5CE5103C32CF}.Release|Any CPU.ActiveCfg = Release|Any CPU
		{43FFB0D8-CAC8-4842-8664-5CE5103C32CF}.Release|Any CPU.Build.0 = Release|Any CPU
		{44E1129C-1BC3-476A-BA81-145D2574D974}.Debug|Any CPU.ActiveCfg = Debug|Any CPU
		{44E1129C-1BC3-476A-BA81-145D2574D974}.Debug|Any CPU.Build.0 = Debug|Any CPU
		{44E1129C-1BC3-476A-BA81-145D2574D974}.Release|Any CPU.ActiveCfg = Release|Any CPU
		{44E1129C-1BC3-476A-BA81-145D2574D974}.Release|Any CPU.Build.0 = Release|Any CPU
		{6D30C187-4740-4CE8-8D75-09212264FDAE}.Debug|Any CPU.ActiveCfg = Debug|Any CPU
		{6D30C187-4740-4CE8-8D75-09212264FDAE}.Debug|Any CPU.Build.0 = Debug|Any CPU
		{6D30C187-4740-4CE8-8D75-09212264FDAE}.Release|Any CPU.ActiveCfg = Release|Any CPU
		{6D30C187-4740-4CE8-8D75-09212264FDAE}.Release|Any CPU.Build.0 = Release|Any CPU
	EndGlobalSection
	GlobalSection(SolutionProperties) = preSolution
		HideSolutionNode = FALSE
	EndGlobalSection
	GlobalSection(ExtensibilityGlobals) = postSolution
		SolutionGuid = {03DA82F1-0BBB-4B05-97AF-F99389A9BB98}
	EndGlobalSection
EndGlobal
